// !$*UTF8*$!
{
	archiveVersion = 1;
	classes = {
	};
	objectVersion = 46;
	objects = {

/* Begin PBXBuildFile section */
		5F96CB4913E6236200B3C6B6 /* UIKit.framework in Frameworks */ = {isa = PBXBuildFile; fileRef = 5F96CB4813E6236200B3C6B6 /* UIKit.framework */; };
		5F96CB4B13E6236200B3C6B6 /* Foundation.framework in Frameworks */ = {isa = PBXBuildFile; fileRef = 5F96CB4A13E6236200B3C6B6 /* Foundation.framework */; };
		5F96CB4D13E6236200B3C6B6 /* CoreGraphics.framework in Frameworks */ = {isa = PBXBuildFile; fileRef = 5F96CB4C13E6236200B3C6B6 /* CoreGraphics.framework */; };
		5F96CB4F13E6236200B3C6B6 /* CoreData.framework in Frameworks */ = {isa = PBXBuildFile; fileRef = 5F96CB4E13E6236200B3C6B6 /* CoreData.framework */; };
		5F96CB5513E6236200B3C6B6 /* InfoPlist.strings in Resources */ = {isa = PBXBuildFile; fileRef = 5F96CB5313E6236200B3C6B6 /* InfoPlist.strings */; };
		5F96CB5713E6236200B3C6B6 /* main.m in Sources */ = {isa = PBXBuildFile; fileRef = 5F96CB5613E6236200B3C6B6 /* main.m */; };
		5F96CB5B13E6236300B3C6B6 /* ShopAwareAppDelegate.m in Sources */ = {isa = PBXBuildFile; fileRef = 5F96CB5A13E6236300B3C6B6 /* ShopAwareAppDelegate.m */; };
		5F96CB5E13E6236300B3C6B6 /* MainStoryboard.storyboard in Resources */ = {isa = PBXBuildFile; fileRef = 5F96CB5C13E6236300B3C6B6 /* MainStoryboard.storyboard */; };
		5F96CB6113E6236300B3C6B6 /* ShopAware.xcdatamodeld in Sources */ = {isa = PBXBuildFile; fileRef = 5F96CB5F13E6236300B3C6B6 /* ShopAware.xcdatamodeld */; };
		5F96CB6413E6236300B3C6B6 /* MasterViewController.m in Sources */ = {isa = PBXBuildFile; fileRef = 5F96CB6313E6236300B3C6B6 /* MasterViewController.m */; };
		5F96CB6713E6236300B3C6B6 /* DetailViewController.m in Sources */ = {isa = PBXBuildFile; fileRef = 5F96CB6613E6236300B3C6B6 /* DetailViewController.m */; };
/* End PBXBuildFile section */

/* Begin PBXFileReference section */
		5F96CB4413E6236200B3C6B6 /* ShopAware.app */ = {isa = PBXFileReference; explicitFileType = wrapper.application; includeInIndex = 0; path = ShopAware.app; sourceTree = BUILT_PRODUCTS_DIR; };
		5F96CB4813E6236200B3C6B6 /* UIKit.framework */ = {isa = PBXFileReference; lastKnownFileType = wrapper.framework; name = UIKit.framework; path = System/Library/Frameworks/UIKit.framework; sourceTree = SDKROOT; };
		5F96CB4A13E6236200B3C6B6 /* Foundation.framework */ = {isa = PBXFileReference; lastKnownFileType = wrapper.framework; name = Foundation.framework; path = System/Library/Frameworks/Foundation.framework; sourceTree = SDKROOT; };
		5F96CB4C13E6236200B3C6B6 /* CoreGraphics.framework */ = {isa = PBXFileReference; lastKnownFileType = wrapper.framework; name = CoreGraphics.framework; path = System/Library/Frameworks/CoreGraphics.framework; sourceTree = SDKROOT; };
		5F96CB4E13E6236200B3C6B6 /* CoreData.framework */ = {isa = PBXFileReference; lastKnownFileType = wrapper.framework; name = CoreData.framework; path = System/Library/Frameworks/CoreData.framework; sourceTree = SDKROOT; };
		5F96CB5213E6236200B3C6B6 /* ShopAware-Info.plist */ = {isa = PBXFileReference; path = "ShopAware-Info.plist"; sourceTree = "<group>"; };
		5F96CB5413E6236200B3C6B6 /* en */ = {isa = PBXFileReference; lastKnownFileType = text.plist.strings; name = en; path = en.lproj/InfoPlist.strings; sourceTree = "<group>"; };
		5F96CB5613E6236200B3C6B6 /* main.m */ = {isa = PBXFileReference; lastKnownFileType = sourcecode.c.objc; path = main.m; sourceTree = "<group>"; };
		5F96CB5813E6236300B3C6B6 /* ShopAware-Prefix.pch */ = {isa = PBXFileReference; path = "ShopAware-Prefix.pch"; sourceTree = "<group>"; };
		5F96CB5913E6236300B3C6B6 /* ShopAwareAppDelegate.h */ = {isa = PBXFileReference; path = ShopAwareAppDelegate.h; sourceTree = "<group>"; };
		5F96CB5A13E6236300B3C6B6 /* ShopAwareAppDelegate.m */ = {isa = PBXFileReference; lastKnownFileType = sourcecode.c.objc; path = ShopAwareAppDelegate.m; sourceTree = "<group>"; };
		5F96CB5D13E6236300B3C6B6 /* en */ = {isa = PBXFileReference; lastKnownFileType = file.storyboard; name = en; path = en.lproj/MainStoryboard.storyboard; sourceTree = "<group>"; };
		5F96CB6013E6236300B3C6B6 /* ShopAware.xcdatamodel */ = {isa = PBXFileReference; lastKnownFileType = wrapper.xcdatamodel; path = ShopAware.xcdatamodel; sourceTree = "<group>"; };
		5F96CB6213E6236300B3C6B6 /* MasterViewController.h */ = {isa = PBXFileReference; path = MasterViewController.h; sourceTree = "<group>"; };
		5F96CB6313E6236300B3C6B6 /* MasterViewController.m */ = {isa = PBXFileReference; lastKnownFileType = sourcecode.c.objc; path = MasterViewController.m; sourceTree = "<group>"; };
		5F96CB6513E6236300B3C6B6 /* DetailViewController.h */ = {isa = PBXFileReference; path = DetailViewController.h; sourceTree = "<group>"; };
		5F96CB6613E6236300B3C6B6 /* DetailViewController.m */ = {isa = PBXFileReference; lastKnownFileType = sourcecode.c.objc; path = DetailViewController.m; sourceTree = "<group>"; };
/* End PBXFileReference section */

/* Begin PBXFrameworksBuildPhase section */
		5F96CB4113E6236200B3C6B6 /* Frameworks */ = {
			isa = PBXFrameworksBuildPhase;
			buildActionMask = 2147483647;
			files = (
				5F96CB4913E6236200B3C6B6 /* UIKit.framework in Frameworks */,
				5F96CB4B13E6236200B3C6B6 /* Foundation.framework in Frameworks */,
				5F96CB4D13E6236200B3C6B6 /* CoreGraphics.framework in Frameworks */,
				5F96CB4F13E6236200B3C6B6 /* CoreData.framework in Frameworks */,
			);
			runOnlyForDeploymentPostprocessing = 0;
		};
/* End PBXFrameworksBuildPhase section */

/* Begin PBXGroup section */
		5F96CB3913E6236200B3C6B6 = {
			isa = PBXGroup;
			children = (
				5F96CB5013E6236200B3C6B6 /* ShopAware */,
				5F96CB4713E6236200B3C6B6 /* Frameworks */,
				5F96CB4513E6236200B3C6B6 /* Products */,
			);
			sourceTree = "<group>";
		};
		5F96CB4513E6236200B3C6B6 /* Products */ = {
			isa = PBXGroup;
			children = (
				5F96CB4413E6236200B3C6B6 /* ShopAware.app */,
			);
			name = Products;
			sourceTree = "<group>";
		};
		5F96CB4713E6236200B3C6B6 /* Frameworks */ = {
			isa = PBXGroup;
			children = (
				5F96CB4813E6236200B3C6B6 /* UIKit.framework */,
				5F96CB4A13E6236200B3C6B6 /* Foundation.framework */,
				5F96CB4C13E6236200B3C6B6 /* CoreGraphics.framework */,
				5F96CB4E13E6236200B3C6B6 /* CoreData.framework */,
			);
			name = Frameworks;
			sourceTree = "<group>";
		};
		5F96CB5013E6236200B3C6B6 /* ShopAware */ = {
			isa = PBXGroup;
			children = (
				5F96CB5913E6236300B3C6B6 /* ShopAwareAppDelegate.h */,
				5F96CB5A13E6236300B3C6B6 /* ShopAwareAppDelegate.m */,
				5F96CB5C13E6236300B3C6B6 /* MainStoryboard.storyboard */,
				5F96CB6213E6236300B3C6B6 /* MasterViewController.h */,
				5F96CB6313E6236300B3C6B6 /* MasterViewController.m */,
				5F96CB6513E6236300B3C6B6 /* DetailViewController.h */,
				5F96CB6613E6236300B3C6B6 /* DetailViewController.m */,
				5F96CB5F13E6236300B3C6B6 /* ShopAware.xcdatamodeld */,
				5F96CB5113E6236200B3C6B6 /* Supporting Files */,
			);
			path = ShopAware;
			sourceTree = "<group>";
		};
		5F96CB5113E6236200B3C6B6 /* Supporting Files */ = {
			isa = PBXGroup;
			children = (
				5F96CB5213E6236200B3C6B6 /* ShopAware-Info.plist */,
				5F96CB5313E6236200B3C6B6 /* InfoPlist.strings */,
				5F96CB5613E6236200B3C6B6 /* main.m */,
				5F96CB5813E6236300B3C6B6 /* ShopAware-Prefix.pch */,
			);
			name = "Supporting Files";
			sourceTree = "<group>";
		};
/* End PBXGroup section */

/* Begin PBXNativeTarget section */
		5F96CB4313E6236200B3C6B6 /* ShopAware */ = {
			isa = PBXNativeTarget;
			buildConfigurationList = 5F96CB6A13E6236300B3C6B6 /* Build configuration list for PBXNativeTarget "ShopAware" */;
			buildPhases = (
				5F96CB4013E6236200B3C6B6 /* Sources */,
				5F96CB4113E6236200B3C6B6 /* Frameworks */,
				5F96CB4213E6236200B3C6B6 /* Resources */,
			);
			buildRules = (
			);
			dependencies = (
			);
			name = ShopAware;
			productName = ShopAware;
			productReference = 5F96CB4413E6236200B3C6B6 /* ShopAware.app */;
			productType = "com.apple.product-type.application";
		};
/* End PBXNativeTarget section */

/* Begin PBXProject section */
		5F96CB3B13E6236200B3C6B6 /* Project object */ = {
			isa = PBXProject;
			buildConfigurationList = 5F96CB3E13E6236200B3C6B6 /* Build configuration list for PBXProject "ShopAware" */;
			compatibilityVersion = "Xcode 3.2";
			developmentRegion = English;
			hasScannedForEncodings = 0;
			knownRegions = (
				en,
			);
			mainGroup = 5F96CB3913E6236200B3C6B6;
			productRefGroup = 5F96CB4513E6236200B3C6B6 /* Products */;
			projectDirPath = "";
			projectRoot = "";
			targets = (
				5F96CB4313E6236200B3C6B6 /* ShopAware */,
			);
		};
/* End PBXProject section */

/* Begin PBXResourcesBuildPhase section */
		5F96CB4213E6236200B3C6B6 /* Resources */ = {
			isa = PBXResourcesBuildPhase;
			buildActionMask = 2147483647;
			files = (
				5F96CB5513E6236200B3C6B6 /* InfoPlist.strings in Resources */,
				5F96CB5E13E6236300B3C6B6 /* MainStoryboard.storyboard in Resources */,
			);
			runOnlyForDeploymentPostprocessing = 0;
		};
/* End PBXResourcesBuildPhase section */

/* Begin PBXSourcesBuildPhase section */
		5F96CB4013E6236200B3C6B6 /* Sources */ = {
			isa = PBXSourcesBuildPhase;
			buildActionMask = 2147483647;
			files = (
				5F96CB5713E6236200B3C6B6 /* main.m in Sources */,
				5F96CB5B13E6236300B3C6B6 /* ShopAwareAppDelegate.m in Sources */,
				5F96CB6113E6236300B3C6B6 /* ShopAware.xcdatamodeld in Sources */,
				5F96CB6413E6236300B3C6B6 /* MasterViewController.m in Sources */,
				5F96CB6713E6236300B3C6B6 /* DetailViewController.m in Sources */,
			);
			runOnlyForDeploymentPostprocessing = 0;
		};
/* End PBXSourcesBuildPhase section */

/* Begin PBXVariantGroup section */
		5F96CB5313E6236200B3C6B6 /* InfoPlist.strings */ = {
			isa = PBXVariantGroup;
			children = (
				5F96CB5413E6236200B3C6B6 /* en */,
			);
			name = InfoPlist.strings;
			sourceTree = "<group>";
		};
		5F96CB5C13E6236300B3C6B6 /* MainStoryboard.storyboard */ = {
			isa = PBXVariantGroup;
			children = (
				5F96CB5D13E6236300B3C6B6 /* en */,
			);
			name = MainStoryboard.storyboard;
			sourceTree = "<group>";
		};
/* End PBXVariantGroup section */

/* Begin XCBuildConfiguration section */
		5F96CB6813E6236300B3C6B6 /* Debug */ = {
			isa = XCBuildConfiguration;
			buildSettings = {
				ALWAYS_SEARCH_USER_PATHS = NO;
				ARCHS = "$(ARCHS_STANDARD_32_BIT)";
				CLANG_ENABLE_OBJC_ARC = YES;
				"CODE_SIGN_IDENTITY[sdk=iphoneos*]" = "iPhone Developer";
				COPY_PHASE_STRIP = NO;
				GCC_C_LANGUAGE_STANDARD = gnu99;
				GCC_DYNAMIC_NO_PIC = NO;
				GCC_OPTIMIZATION_LEVEL = 0;
				GCC_PREPROCESSOR_DEFINITIONS = (
					"DEBUG=1",
					"$(inherited)",
				);
				GCC_SYMBOLS_PRIVATE_EXTERN = NO;
				GCC_VERSION = com.apple.compilers.llvm.clang.1_0;
				GCC_WARN_ABOUT_MISSING_PROTOTYPES = YES;
				GCC_WARN_ABOUT_RETURN_TYPE = YES;
				GCC_WARN_UNUSED_VARIABLE = YES;
				IPHONEOS_DEPLOYMENT_TARGET = 5.0;
				SDKROOT = iphoneos;
			};
			name = Debug;
		};
		5F96CB6913E6236300B3C6B6 /* Release */ = {
			isa = XCBuildConfiguration;
			buildSettings = {
				ALWAYS_SEARCH_USER_PATHS = NO;
				ARCHS = "$(ARCHS_STANDARD_32_BIT)";
				CLANG_ENABLE_OBJC_ARC = YES;
				"CODE_SIGN_IDENTITY[sdk=iphoneos*]" = "iPhone Developer";
				COPY_PHASE_STRIP = YES;
				GCC_C_LANGUAGE_STANDARD = gnu99;
				GCC_VERSION = com.apple.compilers.llvm.clang.1_0;
				GCC_WARN_ABOUT_MISSING_PROTOTYPES = YES;
				GCC_WARN_ABOUT_RETURN_TYPE = YES;
				GCC_WARN_UNUSED_VARIABLE = YES;
				IPHONEOS_DEPLOYMENT_TARGET = 5.0;
				OTHER_CFLAGS = "-DNS_BLOCK_ASSERTIONS=1";
				SDKROOT = iphoneos;
				VALIDATE_PRODUCT = YES;
			};
			name = Release;
		};
		5F96CB6B13E6236300B3C6B6 /* Debug */ = {
			isa = XCBuildConfiguration;
			buildSettings = {
				GCC_PRECOMPILE_PREFIX_HEADER = YES;
				GCC_PREFIX_HEADER = "ShopAware/ShopAware-Prefix.pch";
				INFOPLIST_FILE = "ShopAware/ShopAware-Info.plist";
				PRODUCT_NAME = "$(TARGET_NAME)";
				WRAPPER_EXTENSION = app;
			};
			name = Debug;
		};
		5F96CB6C13E6236300B3C6B6 /* Release */ = {
			isa = XCBuildConfiguration;
			buildSettings = {
				GCC_PRECOMPILE_PREFIX_HEADER = YES;
				GCC_PREFIX_HEADER = "ShopAware/ShopAware-Prefix.pch";
				INFOPLIST_FILE = "ShopAware/ShopAware-Info.plist";
				PRODUCT_NAME = "$(TARGET_NAME)";
				WRAPPER_EXTENSION = app;
			};
			name = Release;
		};
/* End XCBuildConfiguration section */

/* Begin XCConfigurationList section */
		5F96CB3E13E6236200B3C6B6 /* Build configuration list for PBXProject "ShopAware" */ = {
			isa = XCConfigurationList;
			buildConfigurations = (
				5F96CB6813E6236300B3C6B6 /* Debug */,
				5F96CB6913E6236300B3C6B6 /* Release */,
			);
			defaultConfigurationIsVisible = 0;
			defaultConfigurationName = Release;
		};
		5F96CB6A13E6236300B3C6B6 /* Build configuration list for PBXNativeTarget "ShopAware" */ = {
			isa = XCConfigurationList;
			buildConfigurations = (
				5F96CB6B13E6236300B3C6B6 /* Debug */,
				5F96CB6C13E6236300B3C6B6 /* Release */,
			);
			defaultConfigurationIsVisible = 0;
		};
/* End XCConfigurationList section */

/* Begin XCVersionGroup section */
		5F96CB5F13E6236300B3C6B6 /* ShopAware.xcdatamodeld */ = {
			isa = XCVersionGroup;
			children = (
				5F96CB6013E6236300B3C6B6 /* ShopAware.xcdatamodel */,
			);
			currentVersion = 5F96CB6013E6236300B3C6B6 /* ShopAware.xcdatamodel */;
			path = ShopAware.xcdatamodeld;
			sourceTree = "<group>";
			versionGroupType = wrapper.xcdatamodel;
		};
/* End XCVersionGroup section */
	};
	rootObject = 5F96CB3B13E6236200B3C6B6 /* Project object */;
}
